
Microsoft Visual Studio Solution File, Format Version 12.00
# Visual Studio Version 17
VisualStudioVersion = 17.2.32519.379
MinimumVisualStudioVersion = 10.0.40219.1
Project("{9A19103F-16F7-4668-BE54-9A1E7A4F7556}") = "DBCI", "DBCI\DBCI.csproj", "{C8BEFE3C-7CE5-4181-8C22-21AC3A987C6D}"
EndProject
Global
	GlobalSection(SolutionConfigurationPlatforms) = preSolution
		Debug|Any CPU = Debug|Any CPU
		Release|Any CPU = Release|Any CPU
	EndGlobalSection
	GlobalSection(ProjectConfigurationPlatforms) = postSolution
		{C8BEFE3C-7CE5-4181-8C22-21AC3A987C6D}.Debug|Any CPU.ActiveCfg = Debug|Any CPU
		{C8BEFE3C-7CE5-4181-8C22-21AC3A987C6D}.Debug|Any CPU.Build.0 = Debug|Any CPU
		{C8BEFE3C-7CE5-4181-8C22-21AC3A987C6D}.Release|Any CPU.ActiveCfg = Release|Any CPU
		{C8BEFE3C-7CE5-4181-8C22-21AC3A987C6D}.Release|Any CPU.Build.0 = Release|Any CPU
	EndGlobalSection
	GlobalSection(SolutionProperties) = preSolution
		HideSolutionNode = FALSE
	EndGlobalSection
	GlobalSection(ExtensibilityGlobals) = postSolution
		SolutionGuid = {947B5B43-93CD-464C-BC29-AF312B24CD42}
	EndGlobalSection
EndGlobal
