
Microsoft Visual Studio Solution File, Format Version 12.00
# Visual Studio 15
VisualStudioVersion = 15.0.28307.757
MinimumVisualStudioVersion = 10.0.40219.1
Project("{FAE04EC0-301F-11D3-BF4B-00C04F79EFBC}") = "GetSpNet", "ConsoleApp5\GetSpNet.csproj", "{C8BEFE3C-7CE5-4181-8C22-21AC3A987C6D}"
EndProject
Global
	GlobalSection(SolutionConfigurationPlatforms) = preSolution
		Debug|Any CPU = Debug|Any CPU
		Release|Any CPU = Release|Any CPU
	EndGlobalSection
	GlobalSection(ProjectConfigurationPlatforms) = postSolution
		{C8BEFE3C-7CE5-4181-8C22-21AC3A987C6D}.Debug|Any CPU.ActiveCfg = Debug|Any CPU
		{C8BEFE3C-7CE5-4181-8C22-21AC3A987C6D}.Debug|Any CPU.Build.0 = Debug|Any CPU
		{C8BEFE3C-7CE5-4181-8C22-21AC3A987C6D}.Release|Any CPU.ActiveCfg = Release|Any CPU
		{C8BEFE3C-7CE5-4181-8C22-21AC3A987C6D}.Release|Any CPU.Build.0 = Release|Any CPU
	EndGlobalSection
	GlobalSection(SolutionProperties) = preSolution
		HideSolutionNode = FALSE
	EndGlobalSection
	GlobalSection(ExtensibilityGlobals) = postSolution
		SolutionGuid = {DE78112A-8C64-46A6-BC95-FC9B1AB73509}
	EndGlobalSection
EndGlobal
